{
  "nodes": {
    "advisory-db": {
      "flake": false,
      "locked": {
        "lastModified": 1716755277,
        "narHash": "sha256-98fK/YmSZq2PDyl/PeJnEAB3Pc7QkDXKNtDN/Xt8JVM=",
        "owner": "rustsec",
        "repo": "advisory-db",
        "rev": "70fc30ee3b4de304396841803d4826a06493f1b2",
        "type": "github"
      },
      "original": {
        "owner": "rustsec",
        "repo": "advisory-db",
        "type": "github"
      }
    },
    "crane": {
      "inputs": {
        "nixpkgs": [
          "nixpkgs"
        ]
      },
      "locked": {
        "lastModified": 1716745752,
        "narHash": "sha256-8K1R9Yg4r08rYk86Yq+lu3E9L3uRUb4xMqYHgl0VGS0=",
        "owner": "ipetkov",
        "repo": "crane",
        "rev": "19ca94ec2d288de334ae932107816b4a97736cd8",
        "type": "github"
      },
      "original": {
        "owner": "ipetkov",
        "repo": "crane",
        "type": "github"
      }
    },
    "nixpkgs": {
      "locked": {
        "lastModified": 1716914467,
        "narHash": "sha256-KkT6YM/yNQqirtYj/frn6RRakliB8RDvGqVGGaNhdcU=",
        "owner": "NixOS",
        "repo": "nixpkgs",
        "rev": "4a3fc4cf736b7d2d288d7a8bf775ac8d4c0920b4",
        "type": "github"
      },
      "original": {
        "owner": "NixOS",
        "ref": "nixpkgs-unstable",
        "repo": "nixpkgs",
        "type": "github"
      }
    },
    "root": {
      "inputs": {
        "advisory-db": "advisory-db",
        "crane": "crane",
        "nixpkgs": "nixpkgs"
      }
    }
  },
  "root": "root",
  "version": 7
}
